
Microsoft Visual Studio Solution File, Format Version 12.00
# Visual Studio Version 17
VisualStudioVersion = 17.2.32602.215
MinimumVisualStudioVersion = 10.0.40219.1
Project("{9A19103F-16F7-4668-BE54-9A1E7A4F7556}") = "BidOne.Presentation", "BidOne.PersonalInformation\BidOne.Presentation.csproj", "{5B97A826-1218-41F2-B07E-4502E8550181}"
EndProject
Project("{9A19103F-16F7-4668-BE54-9A1E7A4F7556}") = "BidOne.Json", "BidOne.Json\BidOne.Json.csproj", "{D8D42C07-D934-4066-8805-C2A63D025CFF}"
EndProject
Project("{9A19103F-16F7-4668-BE54-9A1E7A4F7556}") = "BidOne.Domain", "BidOne.Domain\BidOne.Domain.csproj", "{E118108E-AE57-4A53-B20F-4ED0AB328E21}"
EndProject
Project("{9A19103F-16F7-4668-BE54-9A1E7A4F7556}") = "BidOne.Business", "BidOne.Business\BidOne.Business.csproj", "{C488120F-8D37-4915-848A-2762C578AFA1}"
EndProject
Project("{FAE04EC0-301F-11D3-BF4B-00C04F79EFBC}") = "BidOne.UnitTest", "BidOne.UnitTest\BidOne.UnitTest.csproj", "{0B67370C-F68A-4AEE-9386-ACD2CED18E4F}"
EndProject
Global
	GlobalSection(SolutionConfigurationPlatforms) = preSolution
		Debug|Any CPU = Debug|Any CPU
		Release|Any CPU = Release|Any CPU
	EndGlobalSection
	GlobalSection(ProjectConfigurationPlatforms) = postSolution
		{5B97A826-1218-41F2-B07E-4502E8550181}.Debug|Any CPU.ActiveCfg = Debug|Any CPU
		{5B97A826-1218-41F2-B07E-4502E8550181}.Debug|Any CPU.Build.0 = Debug|Any CPU
		{5B97A826-1218-41F2-B07E-4502E8550181}.Release|Any CPU.ActiveCfg = Release|Any CPU
		{5B97A826-1218-41F2-B07E-4502E8550181}.Release|Any CPU.Build.0 = Release|Any CPU
		{D8D42C07-D934-4066-8805-C2A63D025CFF}.Debug|Any CPU.ActiveCfg = Debug|Any CPU
		{D8D42C07-D934-4066-8805-C2A63D025CFF}.Debug|Any CPU.Build.0 = Debug|Any CPU
		{D8D42C07-D934-4066-8805-C2A63D025CFF}.Release|Any CPU.ActiveCfg = Release|Any CPU
		{D8D42C07-D934-4066-8805-C2A63D025CFF}.Release|Any CPU.Build.0 = Release|Any CPU
		{E118108E-AE57-4A53-B20F-4ED0AB328E21}.Debug|Any CPU.ActiveCfg = Debug|Any CPU
		{E118108E-AE57-4A53-B20F-4ED0AB328E21}.Debug|Any CPU.Build.0 = Debug|Any CPU
		{E118108E-AE57-4A53-B20F-4ED0AB328E21}.Release|Any CPU.ActiveCfg = Release|Any CPU
		{E118108E-AE57-4A53-B20F-4ED0AB328E21}.Release|Any CPU.Build.0 = Release|Any CPU
		{C488120F-8D37-4915-848A-2762C578AFA1}.Debug|Any CPU.ActiveCfg = Debug|Any CPU
		{C488120F-8D37-4915-848A-2762C578AFA1}.Debug|Any CPU.Build.0 = Debug|Any CPU
		{C488120F-8D37-4915-848A-2762C578AFA1}.Release|Any CPU.ActiveCfg = Release|Any CPU
		{C488120F-8D37-4915-848A-2762C578AFA1}.Release|Any CPU.Build.0 = Release|Any CPU
		{0B67370C-F68A-4AEE-9386-ACD2CED18E4F}.Debug|Any CPU.ActiveCfg = Debug|Any CPU
		{0B67370C-F68A-4AEE-9386-ACD2CED18E4F}.Debug|Any CPU.Build.0 = Debug|Any CPU
		{0B67370C-F68A-4AEE-9386-ACD2CED18E4F}.Release|Any CPU.ActiveCfg = Release|Any CPU
		{0B67370C-F68A-4AEE-9386-ACD2CED18E4F}.Release|Any CPU.Build.0 = Release|Any CPU
	EndGlobalSection
	GlobalSection(SolutionProperties) = preSolution
		HideSolutionNode = FALSE
	EndGlobalSection
	GlobalSection(ExtensibilityGlobals) = postSolution
		SolutionGuid = {2C3364DC-43E1-4C1E-9168-A92C32B90841}
	EndGlobalSection
EndGlobal
